
Microsoft Visual Studio Solution File, Format Version 9.00
# Visual Studio 2005
Project("{FAE04EC0-301F-11D3-BF4B-00C04F79EFBC}") = "itextsharp.pdfa", "itextsharp.pdfa.csproj", "{C892FA61-C495-4F30-8799-A198F89F23F4}"
EndProject
Global
	GlobalSection(SolutionConfigurationPlatforms) = preSolution
		Debug_woDrawing|Any CPU = Debug_woDrawing|Any CPU
		Debug|Any CPU = Debug|Any CPU
		Release_woDrawing|Any CPU = Release_woDrawing|Any CPU
		Release|Any CPU = Release|Any CPU
	EndGlobalSection
	GlobalSection(ProjectConfigurationPlatforms) = postSolution
		{C892FA61-C495-4F30-8799-A198F89F23F4}.Debug_woDrawing|Any CPU.ActiveCfg = Debug_woDrawing|Any CPU
		{C892FA61-C495-4F30-8799-A198F89F23F4}.Debug_woDrawing|Any CPU.Build.0 = Debug_woDrawing|Any CPU
		{C892FA61-C495-4F30-8799-A198F89F23F4}.Debug|Any CPU.ActiveCfg = Debug|Any CPU
		{C892FA61-C495-4F30-8799-A198F89F23F4}.Debug|Any CPU.Build.0 = Debug|Any CPU
		{C892FA61-C495-4F30-8799-A198F89F23F4}.Release_woDrawing|Any CPU.ActiveCfg = Release_woDrawing|Any CPU
		{C892FA61-C495-4F30-8799-A198F89F23F4}.Release_woDrawing|Any CPU.Build.0 = Release_woDrawing|Any CPU
		{C892FA61-C495-4F30-8799-A198F89F23F4}.Release|Any CPU.ActiveCfg = Release|Any CPU
		{C892FA61-C495-4F30-8799-A198F89F23F4}.Release|Any CPU.Build.0 = Release|Any CPU
	EndGlobalSection
	GlobalSection(SolutionProperties) = preSolution
		HideSolutionNode = FALSE
	EndGlobalSection
EndGlobal
