Microsoft Visual Studio Solution File, Format Version 8.00
Project("{FAE04EC0-301F-11D3-BF4B-00C04F79EFBC}") = "iTextAsianCmaps", "iTextAsianCmaps.csproj", "{2F467830-A94B-4C44-B17B-0A81CBDB8CB2}"
	ProjectSection(ProjectDependencies) = postProject
	EndProjectSection
EndProject
Global
	GlobalSection(SolutionConfiguration) = preSolution
		Debug = Debug
		Release = Release
	EndGlobalSection
	GlobalSection(ProjectConfiguration) = postSolution
		{2F467830-A94B-4C44-B17B-0A81CBDB8CB2}.Debug.ActiveCfg = Debug|.NET
		{2F467830-A94B-4C44-B17B-0A81CBDB8CB2}.Debug.Build.0 = Debug|.NET
		{2F467830-A94B-4C44-B17B-0A81CBDB8CB2}.Release.ActiveCfg = Release|.NET
		{2F467830-A94B-4C44-B17B-0A81CBDB8CB2}.Release.Build.0 = Release|.NET
	EndGlobalSection
	GlobalSection(ExtensibilityGlobals) = postSolution
	EndGlobalSection
	GlobalSection(ExtensibilityAddIns) = postSolution
	EndGlobalSection
EndGlobal
